{
    "requires": true,
    "lockfileVersion": 1,
    "dependencies": {
        "tinymce": {
            "version": "4.9.1",
            "resolved": "https://registry.npmjs.org/tinymce/-/tinymce-4.9.1.tgz",
            "integrity": "sha512-lGk6QFI2KYWnIkti0TvtN30GIgJAfWWl8LBqUYdnHuywrNvgl92fqrQHhUP7YChHNhiYZj6JAy8M5cwVlbO7iQ=="
        }
    }
}
